
Microsoft Visual Studio Solution File, Format Version 12.00
# Visual Studio Version 16
VisualStudioVersion = 16.0.30804.86
MinimumVisualStudioVersion = 10.0.40219.1
Project("{FAE04EC0-301F-11D3-BF4B-00C04F79EFBC}") = "PaySky", "PaySky.csproj", "{92FAF861-08D3-4948-AF2F-E5E5580A7DE1}"
EndProject
Project("{FAE04EC0-301F-11D3-BF4B-00C04F79EFBC}") = "Domain", "..\Domain\Domain.csproj", "{A43FAB22-5E9A-4ABE-A40F-6F336C38C208}"
EndProject
Project("{FAE04EC0-301F-11D3-BF4B-00C04F79EFBC}") = "Repo", "..\Repo\Repo.csproj", "{7BE63833-675A-4232-9222-375199CE9D46}"
EndProject
Global
	GlobalSection(SolutionConfigurationPlatforms) = preSolution
		Debug|Any CPU = Debug|Any CPU
		Release|Any CPU = Release|Any CPU
	EndGlobalSection
	GlobalSection(ProjectConfigurationPlatforms) = postSolution
		{92FAF861-08D3-4948-AF2F-E5E5580A7DE1}.Debug|Any CPU.ActiveCfg = Debug|Any CPU
		{92FAF861-08D3-4948-AF2F-E5E5580A7DE1}.Debug|Any CPU.Build.0 = Debug|Any CPU
		{92FAF861-08D3-4948-AF2F-E5E5580A7DE1}.Release|Any CPU.ActiveCfg = Release|Any CPU
		{92FAF861-08D3-4948-AF2F-E5E5580A7DE1}.Release|Any CPU.Build.0 = Release|Any CPU
		{A43FAB22-5E9A-4ABE-A40F-6F336C38C208}.Debug|Any CPU.ActiveCfg = Debug|Any CPU
		{A43FAB22-5E9A-4ABE-A40F-6F336C38C208}.Debug|Any CPU.Build.0 = Debug|Any CPU
		{A43FAB22-5E9A-4ABE-A40F-6F336C38C208}.Release|Any CPU.ActiveCfg = Release|Any CPU
		{A43FAB22-5E9A-4ABE-A40F-6F336C38C208}.Release|Any CPU.Build.0 = Release|Any CPU
		{7BE63833-675A-4232-9222-375199CE9D46}.Debug|Any CPU.ActiveCfg = Debug|Any CPU
		{7BE63833-675A-4232-9222-375199CE9D46}.Debug|Any CPU.Build.0 = Debug|Any CPU
		{7BE63833-675A-4232-9222-375199CE9D46}.Release|Any CPU.ActiveCfg = Release|Any CPU
		{7BE63833-675A-4232-9222-375199CE9D46}.Release|Any CPU.Build.0 = Release|Any CPU
	EndGlobalSection
	GlobalSection(SolutionProperties) = preSolution
		HideSolutionNode = FALSE
	EndGlobalSection
	GlobalSection(ExtensibilityGlobals) = postSolution
		SolutionGuid = {438917AA-1BEF-4A64-8EEC-B580490FDC72}
	EndGlobalSection
EndGlobal
